
Microsoft Visual Studio Solution File, Format Version 12.00
# Visual Studio 15
VisualStudioVersion = 15.0.27130.2027
MinimumVisualStudioVersion = 10.0.40219.1
Project("{9A19103F-16F7-4668-BE54-9A1E7A4F7556}") = "Scheduler", "Scheduler\Scheduler.csproj", "{603201DC-3B13-4055-B0A5-EC7B32C3559C}"
EndProject
Global
	GlobalSection(SolutionConfigurationPlatforms) = preSolution
		Debug|Any CPU = Debug|Any CPU
		Release|Any CPU = Release|Any CPU
	EndGlobalSection
	GlobalSection(ProjectConfigurationPlatforms) = postSolution
		{603201DC-3B13-4055-B0A5-EC7B32C3559C}.Debug|Any CPU.ActiveCfg = Debug|Any CPU
		{603201DC-3B13-4055-B0A5-EC7B32C3559C}.Debug|Any CPU.Build.0 = Debug|Any CPU
		{603201DC-3B13-4055-B0A5-EC7B32C3559C}.Release|Any CPU.ActiveCfg = Release|Any CPU
		{603201DC-3B13-4055-B0A5-EC7B32C3559C}.Release|Any CPU.Build.0 = Release|Any CPU
	EndGlobalSection
	GlobalSection(SolutionProperties) = preSolution
		HideSolutionNode = FALSE
	EndGlobalSection
	GlobalSection(ExtensibilityGlobals) = postSolution
		SolutionGuid = {0FCFE4CC-1886-4ABC-B01C-46F9BA45EA3B}
	EndGlobalSection
EndGlobal
